
Microsoft Visual Studio Solution File, Format Version 12.00
# Visual Studio Version 16
VisualStudioVersion = 16.0.33027.164
MinimumVisualStudioVersion = 10.0.40219.1
Project("{FAE04EC0-301F-11D3-BF4B-00C04F79EFBC}") = "DataDisplayWpfApp1", "DataDisplayWpfApp1\DataDisplayWpfApp1.csproj", "{5F01D99F-B57C-4ADA-BA5D-3357270914C2}"
EndProject
Global
	GlobalSection(SolutionConfigurationPlatforms) = preSolution
		Debug|Any CPU = Debug|Any CPU
		Release|Any CPU = Release|Any CPU
	EndGlobalSection
	GlobalSection(ProjectConfigurationPlatforms) = postSolution
		{5F01D99F-B57C-4ADA-BA5D-3357270914C2}.Debug|Any CPU.ActiveCfg = Debug|Any CPU
		{5F01D99F-B57C-4ADA-BA5D-3357270914C2}.Debug|Any CPU.Build.0 = Debug|Any CPU
		{5F01D99F-B57C-4ADA-BA5D-3357270914C2}.Release|Any CPU.ActiveCfg = Release|Any CPU
		{5F01D99F-B57C-4ADA-BA5D-3357270914C2}.Release|Any CPU.Build.0 = Release|Any CPU
	EndGlobalSection
	GlobalSection(SolutionProperties) = preSolution
		HideSolutionNode = FALSE
	EndGlobalSection
	GlobalSection(ExtensibilityGlobals) = postSolution
		SolutionGuid = {08E34135-6F3D-41BA-9C63-7764083EA259}
	EndGlobalSection
EndGlobal
